
Microsoft Visual Studio Solution File, Format Version 12.00
# Visual Studio 2013
VisualStudioVersion = 12.0.40629.0
MinimumVisualStudioVersion = 10.0.40219.1
Project("{FAE04EC0-301F-11D3-BF4B-00C04F79EFBC}") = "LeapSample02", "LeapSample02\LeapSample02.csproj", "{DCD01E94-CB5D-401E-8888-18DEB0EEA2C3}"
EndProject
Global
	GlobalSection(SolutionConfigurationPlatforms) = preSolution
		Debug|Any CPU = Debug|Any CPU
		Release|Any CPU = Release|Any CPU
	EndGlobalSection
	GlobalSection(ProjectConfigurationPlatforms) = postSolution
		{DCD01E94-CB5D-401E-8888-18DEB0EEA2C3}.Debug|Any CPU.ActiveCfg = Debug|Any CPU
		{DCD01E94-CB5D-401E-8888-18DEB0EEA2C3}.Debug|Any CPU.Build.0 = Debug|Any CPU
		{DCD01E94-CB5D-401E-8888-18DEB0EEA2C3}.Release|Any CPU.ActiveCfg = Release|Any CPU
		{DCD01E94-CB5D-401E-8888-18DEB0EEA2C3}.Release|Any CPU.Build.0 = Release|Any CPU
	EndGlobalSection
	GlobalSection(SolutionProperties) = preSolution
		HideSolutionNode = FALSE
	EndGlobalSection
EndGlobal
